
Microsoft Visual Studio Solution File, Format Version 12.00
Project("{FAE04EC0-301F-11D3-BF4B-00C04F79EFBC}") = "Permutation", "Permutation\Permutation.csproj", "{BF4E1AA4-027A-4289-B071-6B7D010BFFC5}"
EndProject
Global
	GlobalSection(SolutionConfigurationPlatforms) = preSolution
		Debug|Any CPU = Debug|Any CPU
		Release|Any CPU = Release|Any CPU
	EndGlobalSection
	GlobalSection(ProjectConfigurationPlatforms) = postSolution
		{BF4E1AA4-027A-4289-B071-6B7D010BFFC5}.Debug|Any CPU.ActiveCfg = Debug|Any CPU
		{BF4E1AA4-027A-4289-B071-6B7D010BFFC5}.Debug|Any CPU.Build.0 = Debug|Any CPU
		{BF4E1AA4-027A-4289-B071-6B7D010BFFC5}.Release|Any CPU.ActiveCfg = Release|Any CPU
		{BF4E1AA4-027A-4289-B071-6B7D010BFFC5}.Release|Any CPU.Build.0 = Release|Any CPU
	EndGlobalSection
EndGlobal
